
Microsoft Visual Studio Solution File, Format Version 12.00
# Visual Studio 14
VisualStudioVersion = 14.0.25420.1
MinimumVisualStudioVersion = 10.0.40219.1
Project("{FAE04EC0-301F-11D3-BF4B-00C04F79EFBC}") = "Part_1_a", "Part_1_a\Part_1_a.csproj", "{D27C0592-873B-4B47-9777-4E22D7F1E0AF}"
EndProject
Project("{FAE04EC0-301F-11D3-BF4B-00C04F79EFBC}") = "Part_1_b", "Part_1_b\Part_1_b.csproj", "{A2AF114D-1473-414E-8AC0-1E7F2F586E5F}"
EndProject
Project("{FAE04EC0-301F-11D3-BF4B-00C04F79EFBC}") = "Part_1_c", "Part_1_c\Part_1_c.csproj", "{A0D6F94F-5026-49FB-B98D-9A4AE3BE8794}"
EndProject
Project("{FAE04EC0-301F-11D3-BF4B-00C04F79EFBC}") = "Part_2_a", "Part_2_a\Part_2_a.csproj", "{4C6FE177-559B-4CB1-9773-F242320A023D}"
EndProject
Project("{FAE04EC0-301F-11D3-BF4B-00C04F79EFBC}") = "Part_2_b", "Part_2_b\Part_2_b.csproj", "{D25A66FE-2715-44AE-88AA-DC27A11895DD}"
EndProject
Project("{FAE04EC0-301F-11D3-BF4B-00C04F79EFBC}") = "Part_2_c", "Part_2_c\Part_2_c.csproj", "{A4CA08C5-8621-491C-804C-6A6D00AC3148}"
EndProject
Project("{FAE04EC0-301F-11D3-BF4B-00C04F79EFBC}") = "Part_2_d", "Part_2_d\Part_2_d.csproj", "{52E49089-C6B0-4A6F-BC8A-5FC825BE1AEF}"
EndProject
Project("{FAE04EC0-301F-11D3-BF4B-00C04F79EFBC}") = "Part_2_e", "Part_2_e\Part_2_e.csproj", "{44D8B1D8-07A1-4B7E-9807-835E2B3D2A7C}"
EndProject
Project("{FAE04EC0-301F-11D3-BF4B-00C04F79EFBC}") = "Part_2_f", "Part_2_f\Part_2_f.csproj", "{7C793928-6ECC-419A-A523-050A043A713F}"
EndProject
Project("{FAE04EC0-301F-11D3-BF4B-00C04F79EFBC}") = "Part_2_g", "Part_2_g\Part_2_g.csproj", "{21409FF5-2FBD-42DC-BDD1-450EADFC5753}"
EndProject
Project("{FAE04EC0-301F-11D3-BF4B-00C04F79EFBC}") = "Part_2_h", "Part_2_h\Part_2_h.csproj", "{921CB314-1F7F-47ED-B4E6-E43E04431BE7}"
EndProject
Project("{FAE04EC0-301F-11D3-BF4B-00C04F79EFBC}") = "Part_2_i", "Part_2_i\Part_2_i.csproj", "{CA57335A-E855-4BDF-98F3-6651544F5CEE}"
EndProject
Project("{FAE04EC0-301F-11D3-BF4B-00C04F79EFBC}") = "Part_2_j", "Part_2_j\Part_2_j.csproj", "{DDAF72F8-1C09-418C-B0F5-F2346D25ED79}"
EndProject
Project("{FAE04EC0-301F-11D3-BF4B-00C04F79EFBC}") = "Part_2_k", "Part_2_k\Part_2_k.csproj", "{210EBE07-A72C-490A-86AE-EF917E9BDCA1}"
EndProject
Project("{FAE04EC0-301F-11D3-BF4B-00C04F79EFBC}") = "Part_2_l", "Part_2_l\Part_2_l.csproj", "{F3A64501-C233-4311-B459-34F801822D91}"
EndProject
Project("{FAE04EC0-301F-11D3-BF4B-00C04F79EFBC}") = "Part_3_a", "Part_3_a\Part_3_a.csproj", "{B34A29EA-1F92-44DF-9540-B605A4FA4376}"
EndProject
Project("{FAE04EC0-301F-11D3-BF4B-00C04F79EFBC}") = "Part_3_b", "Part_3_b\Part_3_b.csproj", "{EBF96A26-45BA-4FFD-BE3A-F3A81127D9FD}"
EndProject
Project("{FAE04EC0-301F-11D3-BF4B-00C04F79EFBC}") = "Part_3_c", "Part_3_c\Part_3_c.csproj", "{E0E12402-1DAE-46EF-942C-47D4EA001B30}"
EndProject
Project("{FAE04EC0-301F-11D3-BF4B-00C04F79EFBC}") = "Part_4_a", "Part_4_a\Part_4_a.csproj", "{FAECFF2A-2F22-47DF-A208-BF1CEB982934}"
EndProject
Project("{FAE04EC0-301F-11D3-BF4B-00C04F79EFBC}") = "Part_4_b", "Part_4_b\Part_4_b.csproj", "{CDCE88AE-AD4B-4DE8-9875-00071CAEEFAF}"
EndProject
Project("{FAE04EC0-301F-11D3-BF4B-00C04F79EFBC}") = "Part_5_a", "Part_5_a\Part_5_a.csproj", "{9D87D28B-93E4-4140-887A-CA0E6CB26A74}"
EndProject
Project("{FAE04EC0-301F-11D3-BF4B-00C04F79EFBC}") = "Part_5_b", "Part_5_b\Part_5_b.csproj", "{494BACEE-C00C-4109-9E57-38B496B699EF}"
EndProject
Project("{FAE04EC0-301F-11D3-BF4B-00C04F79EFBC}") = "Part_5_c", "Part_5_c\Part_5_c.csproj", "{5AEA9822-7B17-41D0-B25B-E0304173F559}"
EndProject
Project("{FAE04EC0-301F-11D3-BF4B-00C04F79EFBC}") = "Part_5_d", "Part_5_d\Part_5_d.csproj", "{94A7ED47-F67D-43DA-B96A-8F03A9DFC615}"
EndProject
Project("{FAE04EC0-301F-11D3-BF4B-00C04F79EFBC}") = "Part_5_e", "Part_5_e\Part_5_e.csproj", "{553606F8-FDD2-4092-8140-580329F24644}"
EndProject
Project("{FAE04EC0-301F-11D3-BF4B-00C04F79EFBC}") = "Part_5_f", "Part_5_f\Part_5_f.csproj", "{8A3D899C-C907-4B09-8B30-AFED1BE04843}"
EndProject
Project("{FAE04EC0-301F-11D3-BF4B-00C04F79EFBC}") = "Part_6_a", "Part_6_a\Part_6_a.csproj", "{787A0B2A-371A-4306-801B-B4AD9BA4B56B}"
EndProject
Project("{FAE04EC0-301F-11D3-BF4B-00C04F79EFBC}") = "Part_6_b", "Part_6_b\Part_6_b.csproj", "{16BE0035-F308-4F0C-A516-EE010F27BF22}"
EndProject
Project("{FAE04EC0-301F-11D3-BF4B-00C04F79EFBC}") = "Part_6_c", "Part_6_c\Part_6_c.csproj", "{65F95439-3597-4F72-9375-AF078C9BA3AF}"
EndProject
Global
	GlobalSection(SolutionConfigurationPlatforms) = preSolution
		Debug|Any CPU = Debug|Any CPU
		Release|Any CPU = Release|Any CPU
	EndGlobalSection
	GlobalSection(ProjectConfigurationPlatforms) = postSolution
		{D27C0592-873B-4B47-9777-4E22D7F1E0AF}.Debug|Any CPU.ActiveCfg = Debug|Any CPU
		{D27C0592-873B-4B47-9777-4E22D7F1E0AF}.Debug|Any CPU.Build.0 = Debug|Any CPU
		{D27C0592-873B-4B47-9777-4E22D7F1E0AF}.Release|Any CPU.ActiveCfg = Release|Any CPU
		{D27C0592-873B-4B47-9777-4E22D7F1E0AF}.Release|Any CPU.Build.0 = Release|Any CPU
		{A2AF114D-1473-414E-8AC0-1E7F2F586E5F}.Debug|Any CPU.ActiveCfg = Debug|Any CPU
		{A2AF114D-1473-414E-8AC0-1E7F2F586E5F}.Debug|Any CPU.Build.0 = Debug|Any CPU
		{A2AF114D-1473-414E-8AC0-1E7F2F586E5F}.Release|Any CPU.ActiveCfg = Release|Any CPU
		{A2AF114D-1473-414E-8AC0-1E7F2F586E5F}.Release|Any CPU.Build.0 = Release|Any CPU
		{A0D6F94F-5026-49FB-B98D-9A4AE3BE8794}.Debug|Any CPU.ActiveCfg = Debug|Any CPU
		{A0D6F94F-5026-49FB-B98D-9A4AE3BE8794}.Debug|Any CPU.Build.0 = Debug|Any CPU
		{A0D6F94F-5026-49FB-B98D-9A4AE3BE8794}.Release|Any CPU.ActiveCfg = Release|Any CPU
		{A0D6F94F-5026-49FB-B98D-9A4AE3BE8794}.Release|Any CPU.Build.0 = Release|Any CPU
		{4C6FE177-559B-4CB1-9773-F242320A023D}.Debug|Any CPU.ActiveCfg = Debug|Any CPU
		{4C6FE177-559B-4CB1-9773-F242320A023D}.Debug|Any CPU.Build.0 = Debug|Any CPU
		{4C6FE177-559B-4CB1-9773-F242320A023D}.Release|Any CPU.ActiveCfg = Release|Any CPU
		{4C6FE177-559B-4CB1-9773-F242320A023D}.Release|Any CPU.Build.0 = Release|Any CPU
		{D25A66FE-2715-44AE-88AA-DC27A11895DD}.Debug|Any CPU.ActiveCfg = Debug|Any CPU
		{D25A66FE-2715-44AE-88AA-DC27A11895DD}.Debug|Any CPU.Build.0 = Debug|Any CPU
		{D25A66FE-2715-44AE-88AA-DC27A11895DD}.Release|Any CPU.ActiveCfg = Release|Any CPU
		{D25A66FE-2715-44AE-88AA-DC27A11895DD}.Release|Any CPU.Build.0 = Release|Any CPU
		{A4CA08C5-8621-491C-804C-6A6D00AC3148}.Debug|Any CPU.ActiveCfg = Debug|Any CPU
		{A4CA08C5-8621-491C-804C-6A6D00AC3148}.Debug|Any CPU.Build.0 = Debug|Any CPU
		{A4CA08C5-8621-491C-804C-6A6D00AC3148}.Release|Any CPU.ActiveCfg = Release|Any CPU
		{A4CA08C5-8621-491C-804C-6A6D00AC3148}.Release|Any CPU.Build.0 = Release|Any CPU
		{52E49089-C6B0-4A6F-BC8A-5FC825BE1AEF}.Debug|Any CPU.ActiveCfg = Debug|Any CPU
		{52E49089-C6B0-4A6F-BC8A-5FC825BE1AEF}.Debug|Any CPU.Build.0 = Debug|Any CPU
		{52E49089-C6B0-4A6F-BC8A-5FC825BE1AEF}.Release|Any CPU.ActiveCfg = Release|Any CPU
		{52E49089-C6B0-4A6F-BC8A-5FC825BE1AEF}.Release|Any CPU.Build.0 = Release|Any CPU
		{44D8B1D8-07A1-4B7E-9807-835E2B3D2A7C}.Debug|Any CPU.ActiveCfg = Debug|Any CPU
		{44D8B1D8-07A1-4B7E-9807-835E2B3D2A7C}.Debug|Any CPU.Build.0 = Debug|Any CPU
		{44D8B1D8-07A1-4B7E-9807-835E2B3D2A7C}.Release|Any CPU.ActiveCfg = Release|Any CPU
		{44D8B1D8-07A1-4B7E-9807-835E2B3D2A7C}.Release|Any CPU.Build.0 = Release|Any CPU
		{7C793928-6ECC-419A-A523-050A043A713F}.Debug|Any CPU.ActiveCfg = Debug|Any CPU
		{7C793928-6ECC-419A-A523-050A043A713F}.Debug|Any CPU.Build.0 = Debug|Any CPU
		{7C793928-6ECC-419A-A523-050A043A713F}.Release|Any CPU.ActiveCfg = Release|Any CPU
		{7C793928-6ECC-419A-A523-050A043A713F}.Release|Any CPU.Build.0 = Release|Any CPU
		{21409FF5-2FBD-42DC-BDD1-450EADFC5753}.Debug|Any CPU.ActiveCfg = Debug|Any CPU
		{21409FF5-2FBD-42DC-BDD1-450EADFC5753}.Debug|Any CPU.Build.0 = Debug|Any CPU
		{21409FF5-2FBD-42DC-BDD1-450EADFC5753}.Release|Any CPU.ActiveCfg = Release|Any CPU
		{21409FF5-2FBD-42DC-BDD1-450EADFC5753}.Release|Any CPU.Build.0 = Release|Any CPU
		{921CB314-1F7F-47ED-B4E6-E43E04431BE7}.Debug|Any CPU.ActiveCfg = Debug|Any CPU
		{921CB314-1F7F-47ED-B4E6-E43E04431BE7}.Debug|Any CPU.Build.0 = Debug|Any CPU
		{921CB314-1F7F-47ED-B4E6-E43E04431BE7}.Release|Any CPU.ActiveCfg = Release|Any CPU
		{921CB314-1F7F-47ED-B4E6-E43E04431BE7}.Release|Any CPU.Build.0 = Release|Any CPU
		{CA57335A-E855-4BDF-98F3-6651544F5CEE}.Debug|Any CPU.ActiveCfg = Debug|Any CPU
		{CA57335A-E855-4BDF-98F3-6651544F5CEE}.Debug|Any CPU.Build.0 = Debug|Any CPU
		{CA57335A-E855-4BDF-98F3-6651544F5CEE}.Release|Any CPU.ActiveCfg = Release|Any CPU
		{CA57335A-E855-4BDF-98F3-6651544F5CEE}.Release|Any CPU.Build.0 = Release|Any CPU
		{DDAF72F8-1C09-418C-B0F5-F2346D25ED79}.Debug|Any CPU.ActiveCfg = Debug|Any CPU
		{DDAF72F8-1C09-418C-B0F5-F2346D25ED79}.Debug|Any CPU.Build.0 = Debug|Any CPU
		{DDAF72F8-1C09-418C-B0F5-F2346D25ED79}.Release|Any CPU.ActiveCfg = Release|Any CPU
		{DDAF72F8-1C09-418C-B0F5-F2346D25ED79}.Release|Any CPU.Build.0 = Release|Any CPU
		{210EBE07-A72C-490A-86AE-EF917E9BDCA1}.Debug|Any CPU.ActiveCfg = Debug|Any CPU
		{210EBE07-A72C-490A-86AE-EF917E9BDCA1}.Debug|Any CPU.Build.0 = Debug|Any CPU
		{210EBE07-A72C-490A-86AE-EF917E9BDCA1}.Release|Any CPU.ActiveCfg = Release|Any CPU
		{210EBE07-A72C-490A-86AE-EF917E9BDCA1}.Release|Any CPU.Build.0 = Release|Any CPU
		{F3A64501-C233-4311-B459-34F801822D91}.Debug|Any CPU.ActiveCfg = Debug|Any CPU
		{F3A64501-C233-4311-B459-34F801822D91}.Debug|Any CPU.Build.0 = Debug|Any CPU
		{F3A64501-C233-4311-B459-34F801822D91}.Release|Any CPU.ActiveCfg = Release|Any CPU
		{F3A64501-C233-4311-B459-34F801822D91}.Release|Any CPU.Build.0 = Release|Any CPU
		{B34A29EA-1F92-44DF-9540-B605A4FA4376}.Debug|Any CPU.ActiveCfg = Debug|Any CPU
		{B34A29EA-1F92-44DF-9540-B605A4FA4376}.Debug|Any CPU.Build.0 = Debug|Any CPU
		{B34A29EA-1F92-44DF-9540-B605A4FA4376}.Release|Any CPU.ActiveCfg = Release|Any CPU
		{B34A29EA-1F92-44DF-9540-B605A4FA4376}.Release|Any CPU.Build.0 = Release|Any CPU
		{EBF96A26-45BA-4FFD-BE3A-F3A81127D9FD}.Debug|Any CPU.ActiveCfg = Debug|Any CPU
		{EBF96A26-45BA-4FFD-BE3A-F3A81127D9FD}.Debug|Any CPU.Build.0 = Debug|Any CPU
		{EBF96A26-45BA-4FFD-BE3A-F3A81127D9FD}.Release|Any CPU.ActiveCfg = Release|Any CPU
		{EBF96A26-45BA-4FFD-BE3A-F3A81127D9FD}.Release|Any CPU.Build.0 = Release|Any CPU
		{E0E12402-1DAE-46EF-942C-47D4EA001B30}.Debug|Any CPU.ActiveCfg = Debug|Any CPU
		{E0E12402-1DAE-46EF-942C-47D4EA001B30}.Debug|Any CPU.Build.0 = Debug|Any CPU
		{E0E12402-1DAE-46EF-942C-47D4EA001B30}.Release|Any CPU.ActiveCfg = Release|Any CPU
		{E0E12402-1DAE-46EF-942C-47D4EA001B30}.Release|Any CPU.Build.0 = Release|Any CPU
		{FAECFF2A-2F22-47DF-A208-BF1CEB982934}.Debug|Any CPU.ActiveCfg = Debug|Any CPU
		{FAECFF2A-2F22-47DF-A208-BF1CEB982934}.Debug|Any CPU.Build.0 = Debug|Any CPU
		{FAECFF2A-2F22-47DF-A208-BF1CEB982934}.Release|Any CPU.ActiveCfg = Release|Any CPU
		{FAECFF2A-2F22-47DF-A208-BF1CEB982934}.Release|Any CPU.Build.0 = Release|Any CPU
		{CDCE88AE-AD4B-4DE8-9875-00071CAEEFAF}.Debug|Any CPU.ActiveCfg = Debug|Any CPU
		{CDCE88AE-AD4B-4DE8-9875-00071CAEEFAF}.Debug|Any CPU.Build.0 = Debug|Any CPU
		{CDCE88AE-AD4B-4DE8-9875-00071CAEEFAF}.Release|Any CPU.ActiveCfg = Release|Any CPU
		{CDCE88AE-AD4B-4DE8-9875-00071CAEEFAF}.Release|Any CPU.Build.0 = Release|Any CPU
		{9D87D28B-93E4-4140-887A-CA0E6CB26A74}.Debug|Any CPU.ActiveCfg = Debug|Any CPU
		{9D87D28B-93E4-4140-887A-CA0E6CB26A74}.Debug|Any CPU.Build.0 = Debug|Any CPU
		{9D87D28B-93E4-4140-887A-CA0E6CB26A74}.Release|Any CPU.ActiveCfg = Release|Any CPU
		{9D87D28B-93E4-4140-887A-CA0E6CB26A74}.Release|Any CPU.Build.0 = Release|Any CPU
		{494BACEE-C00C-4109-9E57-38B496B699EF}.Debug|Any CPU.ActiveCfg = Debug|Any CPU
		{494BACEE-C00C-4109-9E57-38B496B699EF}.Debug|Any CPU.Build.0 = Debug|Any CPU
		{494BACEE-C00C-4109-9E57-38B496B699EF}.Release|Any CPU.ActiveCfg = Release|Any CPU
		{494BACEE-C00C-4109-9E57-38B496B699EF}.Release|Any CPU.Build.0 = Release|Any CPU
		{5AEA9822-7B17-41D0-B25B-E0304173F559}.Debug|Any CPU.ActiveCfg = Debug|Any CPU
		{5AEA9822-7B17-41D0-B25B-E0304173F559}.Debug|Any CPU.Build.0 = Debug|Any CPU
		{5AEA9822-7B17-41D0-B25B-E0304173F559}.Release|Any CPU.ActiveCfg = Release|Any CPU
		{5AEA9822-7B17-41D0-B25B-E0304173F559}.Release|Any CPU.Build.0 = Release|Any CPU
		{94A7ED47-F67D-43DA-B96A-8F03A9DFC615}.Debug|Any CPU.ActiveCfg = Debug|Any CPU
		{94A7ED47-F67D-43DA-B96A-8F03A9DFC615}.Debug|Any CPU.Build.0 = Debug|Any CPU
		{94A7ED47-F67D-43DA-B96A-8F03A9DFC615}.Release|Any CPU.ActiveCfg = Release|Any CPU
		{94A7ED47-F67D-43DA-B96A-8F03A9DFC615}.Release|Any CPU.Build.0 = Release|Any CPU
		{553606F8-FDD2-4092-8140-580329F24644}.Debug|Any CPU.ActiveCfg = Debug|Any CPU
		{553606F8-FDD2-4092-8140-580329F24644}.Debug|Any CPU.Build.0 = Debug|Any CPU
		{553606F8-FDD2-4092-8140-580329F24644}.Release|Any CPU.ActiveCfg = Release|Any CPU
		{553606F8-FDD2-4092-8140-580329F24644}.Release|Any CPU.Build.0 = Release|Any CPU
		{8A3D899C-C907-4B09-8B30-AFED1BE04843}.Debug|Any CPU.ActiveCfg = Debug|Any CPU
		{8A3D899C-C907-4B09-8B30-AFED1BE04843}.Debug|Any CPU.Build.0 = Debug|Any CPU
		{8A3D899C-C907-4B09-8B30-AFED1BE04843}.Release|Any CPU.ActiveCfg = Release|Any CPU
		{8A3D899C-C907-4B09-8B30-AFED1BE04843}.Release|Any CPU.Build.0 = Release|Any CPU
		{787A0B2A-371A-4306-801B-B4AD9BA4B56B}.Debug|Any CPU.ActiveCfg = Debug|Any CPU
		{787A0B2A-371A-4306-801B-B4AD9BA4B56B}.Debug|Any CPU.Build.0 = Debug|Any CPU
		{787A0B2A-371A-4306-801B-B4AD9BA4B56B}.Release|Any CPU.ActiveCfg = Release|Any CPU
		{787A0B2A-371A-4306-801B-B4AD9BA4B56B}.Release|Any CPU.Build.0 = Release|Any CPU
		{16BE0035-F308-4F0C-A516-EE010F27BF22}.Debug|Any CPU.ActiveCfg = Debug|Any CPU
		{16BE0035-F308-4F0C-A516-EE010F27BF22}.Debug|Any CPU.Build.0 = Debug|Any CPU
		{16BE0035-F308-4F0C-A516-EE010F27BF22}.Release|Any CPU.ActiveCfg = Release|Any CPU
		{16BE0035-F308-4F0C-A516-EE010F27BF22}.Release|Any CPU.Build.0 = Release|Any CPU
		{65F95439-3597-4F72-9375-AF078C9BA3AF}.Debug|Any CPU.ActiveCfg = Debug|Any CPU
		{65F95439-3597-4F72-9375-AF078C9BA3AF}.Debug|Any CPU.Build.0 = Debug|Any CPU
		{65F95439-3597-4F72-9375-AF078C9BA3AF}.Release|Any CPU.ActiveCfg = Release|Any CPU
		{65F95439-3597-4F72-9375-AF078C9BA3AF}.Release|Any CPU.Build.0 = Release|Any CPU
	EndGlobalSection
	GlobalSection(SolutionProperties) = preSolution
		HideSolutionNode = FALSE
	EndGlobalSection
EndGlobal
