
Microsoft Visual Studio Solution File, Format Version 12.00
# Visual Studio 2013
VisualStudioVersion = 12.0.40629.0
MinimumVisualStudioVersion = 10.0.40219.1
Project("{FAE04EC0-301F-11D3-BF4B-00C04F79EFBC}") = "Part_5_a", "Part_5_a\Part_5_a.csproj", "{B43B0A7D-88B4-4B5D-ACC6-A6A5F4C63E93}"
EndProject
Project("{FAE04EC0-301F-11D3-BF4B-00C04F79EFBC}") = "Part_5_b", "Part_5_b\Part_5_b.csproj", "{8D8BBC1D-47B7-4AB6-AF97-2915D2EFBBDA}"
EndProject
Project("{FAE04EC0-301F-11D3-BF4B-00C04F79EFBC}") = "Part_5_c", "Part_5_c\Part_5_c.csproj", "{689DD2A7-945A-4EE3-BDF7-37D6CBA0F3A7}"
EndProject
Project("{FAE04EC0-301F-11D3-BF4B-00C04F79EFBC}") = "Part_5_d", "Part_5_d\Part_5_d.csproj", "{C229D33E-C364-4413-BACD-E0A041119F80}"
EndProject
Project("{FAE04EC0-301F-11D3-BF4B-00C04F79EFBC}") = "Part_5_e", "Part_5_e\Part_5_e.csproj", "{335A717E-508B-4BF1-B319-175ADA03B09B}"
EndProject
Project("{FAE04EC0-301F-11D3-BF4B-00C04F79EFBC}") = "Part_5_f", "Part_5_f\Part_5_f.csproj", "{F69E7A2F-97ED-44ED-839D-9292D344B50C}"
EndProject
Project("{FAE04EC0-301F-11D3-BF4B-00C04F79EFBC}") = "Part_6_a", "Part_6_a\Part_6_a.csproj", "{04608DA3-B8FA-476C-AE79-23E023E7E96B}"
EndProject
Project("{FAE04EC0-301F-11D3-BF4B-00C04F79EFBC}") = "Part_6_b", "Part_6_b\Part_6_b.csproj", "{8E4F84C8-8976-4D4B-A7AC-8C0E2AE87039}"
EndProject
Project("{FAE04EC0-301F-11D3-BF4B-00C04F79EFBC}") = "Part_6_c", "Part_6_c\Part_6_c.csproj", "{C56C024A-896E-415B-AAD1-B1BE72259482}"
EndProject
Project("{FAE04EC0-301F-11D3-BF4B-00C04F79EFBC}") = "Part_7_a", "Part_7_a\Part_7_a.csproj", "{F58215F3-9DE9-4074-8C6F-F4AD0E1645B5}"
EndProject
Project("{FAE04EC0-301F-11D3-BF4B-00C04F79EFBC}") = "Part_7_b", "Part_7_b\Part_7_b.csproj", "{C0493CF9-3360-451F-A69D-A2B5BE6E22CB}"
EndProject
Project("{FAE04EC0-301F-11D3-BF4B-00C04F79EFBC}") = "Part_7_c", "Part_7_c\Part_7_c.csproj", "{7BA922FF-2420-4082-9A52-2694C989DB6A}"
EndProject
Project("{FAE04EC0-301F-11D3-BF4B-00C04F79EFBC}") = "Part_7_d", "Part_7_d\Part_7_d.csproj", "{952B22E1-8435-48EF-9A2B-1DED2408C71C}"
EndProject
Project("{FAE04EC0-301F-11D3-BF4B-00C04F79EFBC}") = "Part_7_e", "Part_7_e\Part_7_e.csproj", "{8029384C-CBBF-43AF-B603-E39AB9A009E0}"
EndProject
Project("{FAE04EC0-301F-11D3-BF4B-00C04F79EFBC}") = "Part_7_f", "Part_7_f\Part_7_f.csproj", "{4706FF63-7EF7-4AA1-A7A7-CFF745949044}"
EndProject
Project("{FAE04EC0-301F-11D3-BF4B-00C04F79EFBC}") = "Part_7_g", "Part_7_g\Part_7_g.csproj", "{7B5C7556-9D00-442D-859D-A9B9713B92CA}"
EndProject
Project("{FAE04EC0-301F-11D3-BF4B-00C04F79EFBC}") = "Part_7_h", "Part_7_h\Part_7_h.csproj", "{13948219-495C-4EDB-A7CB-3899ADD61D43}"
EndProject
Project("{FAE04EC0-301F-11D3-BF4B-00C04F79EFBC}") = "Part_7_i", "Part_7_i\Part_7_i.csproj", "{2C5C934C-84CF-4905-A7FB-761F2A8B8F08}"
EndProject
Project("{FAE04EC0-301F-11D3-BF4B-00C04F79EFBC}") = "Part_7_j", "Part_7_j\Part_7_j.csproj", "{91E93B29-ABF2-4563-9AB1-C5996F5C1363}"
EndProject
Project("{FAE04EC0-301F-11D3-BF4B-00C04F79EFBC}") = "Part_8_a", "Part_8_a\Part_8_a.csproj", "{AC07108E-46A7-4ADD-B653-28C2EA255B7A}"
EndProject
Project("{FAE04EC0-301F-11D3-BF4B-00C04F79EFBC}") = "Part_8_b", "Part_8_b\Part_8_b.csproj", "{ACD83F07-D411-4463-9A46-2B227032FB1E}"
EndProject
Project("{FAE04EC0-301F-11D3-BF4B-00C04F79EFBC}") = "Part_8_d", "Part_8_d\Part_8_d.csproj", "{6586E573-2F80-4608-A53E-010200BF88F0}"
EndProject
Global
	GlobalSection(SolutionConfigurationPlatforms) = preSolution
		Debug|Any CPU = Debug|Any CPU
		Release|Any CPU = Release|Any CPU
	EndGlobalSection
	GlobalSection(ProjectConfigurationPlatforms) = postSolution
		{B43B0A7D-88B4-4B5D-ACC6-A6A5F4C63E93}.Debug|Any CPU.ActiveCfg = Debug|Any CPU
		{B43B0A7D-88B4-4B5D-ACC6-A6A5F4C63E93}.Debug|Any CPU.Build.0 = Debug|Any CPU
		{B43B0A7D-88B4-4B5D-ACC6-A6A5F4C63E93}.Release|Any CPU.ActiveCfg = Release|Any CPU
		{B43B0A7D-88B4-4B5D-ACC6-A6A5F4C63E93}.Release|Any CPU.Build.0 = Release|Any CPU
		{8D8BBC1D-47B7-4AB6-AF97-2915D2EFBBDA}.Debug|Any CPU.ActiveCfg = Debug|Any CPU
		{8D8BBC1D-47B7-4AB6-AF97-2915D2EFBBDA}.Debug|Any CPU.Build.0 = Debug|Any CPU
		{8D8BBC1D-47B7-4AB6-AF97-2915D2EFBBDA}.Release|Any CPU.ActiveCfg = Release|Any CPU
		{8D8BBC1D-47B7-4AB6-AF97-2915D2EFBBDA}.Release|Any CPU.Build.0 = Release|Any CPU
		{689DD2A7-945A-4EE3-BDF7-37D6CBA0F3A7}.Debug|Any CPU.ActiveCfg = Debug|Any CPU
		{689DD2A7-945A-4EE3-BDF7-37D6CBA0F3A7}.Debug|Any CPU.Build.0 = Debug|Any CPU
		{689DD2A7-945A-4EE3-BDF7-37D6CBA0F3A7}.Release|Any CPU.ActiveCfg = Release|Any CPU
		{689DD2A7-945A-4EE3-BDF7-37D6CBA0F3A7}.Release|Any CPU.Build.0 = Release|Any CPU
		{C229D33E-C364-4413-BACD-E0A041119F80}.Debug|Any CPU.ActiveCfg = Debug|Any CPU
		{C229D33E-C364-4413-BACD-E0A041119F80}.Debug|Any CPU.Build.0 = Debug|Any CPU
		{C229D33E-C364-4413-BACD-E0A041119F80}.Release|Any CPU.ActiveCfg = Release|Any CPU
		{C229D33E-C364-4413-BACD-E0A041119F80}.Release|Any CPU.Build.0 = Release|Any CPU
		{335A717E-508B-4BF1-B319-175ADA03B09B}.Debug|Any CPU.ActiveCfg = Debug|Any CPU
		{335A717E-508B-4BF1-B319-175ADA03B09B}.Debug|Any CPU.Build.0 = Debug|Any CPU
		{335A717E-508B-4BF1-B319-175ADA03B09B}.Release|Any CPU.ActiveCfg = Release|Any CPU
		{335A717E-508B-4BF1-B319-175ADA03B09B}.Release|Any CPU.Build.0 = Release|Any CPU
		{F69E7A2F-97ED-44ED-839D-9292D344B50C}.Debug|Any CPU.ActiveCfg = Debug|Any CPU
		{F69E7A2F-97ED-44ED-839D-9292D344B50C}.Debug|Any CPU.Build.0 = Debug|Any CPU
		{F69E7A2F-97ED-44ED-839D-9292D344B50C}.Release|Any CPU.ActiveCfg = Release|Any CPU
		{F69E7A2F-97ED-44ED-839D-9292D344B50C}.Release|Any CPU.Build.0 = Release|Any CPU
		{04608DA3-B8FA-476C-AE79-23E023E7E96B}.Debug|Any CPU.ActiveCfg = Debug|Any CPU
		{04608DA3-B8FA-476C-AE79-23E023E7E96B}.Debug|Any CPU.Build.0 = Debug|Any CPU
		{04608DA3-B8FA-476C-AE79-23E023E7E96B}.Release|Any CPU.ActiveCfg = Release|Any CPU
		{04608DA3-B8FA-476C-AE79-23E023E7E96B}.Release|Any CPU.Build.0 = Release|Any CPU
		{8E4F84C8-8976-4D4B-A7AC-8C0E2AE87039}.Debug|Any CPU.ActiveCfg = Debug|Any CPU
		{8E4F84C8-8976-4D4B-A7AC-8C0E2AE87039}.Debug|Any CPU.Build.0 = Debug|Any CPU
		{8E4F84C8-8976-4D4B-A7AC-8C0E2AE87039}.Release|Any CPU.ActiveCfg = Release|Any CPU
		{8E4F84C8-8976-4D4B-A7AC-8C0E2AE87039}.Release|Any CPU.Build.0 = Release|Any CPU
		{C56C024A-896E-415B-AAD1-B1BE72259482}.Debug|Any CPU.ActiveCfg = Debug|Any CPU
		{C56C024A-896E-415B-AAD1-B1BE72259482}.Debug|Any CPU.Build.0 = Debug|Any CPU
		{C56C024A-896E-415B-AAD1-B1BE72259482}.Release|Any CPU.ActiveCfg = Release|Any CPU
		{C56C024A-896E-415B-AAD1-B1BE72259482}.Release|Any CPU.Build.0 = Release|Any CPU
		{F58215F3-9DE9-4074-8C6F-F4AD0E1645B5}.Debug|Any CPU.ActiveCfg = Debug|Any CPU
		{F58215F3-9DE9-4074-8C6F-F4AD0E1645B5}.Debug|Any CPU.Build.0 = Debug|Any CPU
		{F58215F3-9DE9-4074-8C6F-F4AD0E1645B5}.Release|Any CPU.ActiveCfg = Release|Any CPU
		{F58215F3-9DE9-4074-8C6F-F4AD0E1645B5}.Release|Any CPU.Build.0 = Release|Any CPU
		{C0493CF9-3360-451F-A69D-A2B5BE6E22CB}.Debug|Any CPU.ActiveCfg = Debug|Any CPU
		{C0493CF9-3360-451F-A69D-A2B5BE6E22CB}.Debug|Any CPU.Build.0 = Debug|Any CPU
		{C0493CF9-3360-451F-A69D-A2B5BE6E22CB}.Release|Any CPU.ActiveCfg = Release|Any CPU
		{C0493CF9-3360-451F-A69D-A2B5BE6E22CB}.Release|Any CPU.Build.0 = Release|Any CPU
		{7BA922FF-2420-4082-9A52-2694C989DB6A}.Debug|Any CPU.ActiveCfg = Debug|Any CPU
		{7BA922FF-2420-4082-9A52-2694C989DB6A}.Debug|Any CPU.Build.0 = Debug|Any CPU
		{7BA922FF-2420-4082-9A52-2694C989DB6A}.Release|Any CPU.ActiveCfg = Release|Any CPU
		{7BA922FF-2420-4082-9A52-2694C989DB6A}.Release|Any CPU.Build.0 = Release|Any CPU
		{952B22E1-8435-48EF-9A2B-1DED2408C71C}.Debug|Any CPU.ActiveCfg = Debug|Any CPU
		{952B22E1-8435-48EF-9A2B-1DED2408C71C}.Debug|Any CPU.Build.0 = Debug|Any CPU
		{952B22E1-8435-48EF-9A2B-1DED2408C71C}.Release|Any CPU.ActiveCfg = Release|Any CPU
		{952B22E1-8435-48EF-9A2B-1DED2408C71C}.Release|Any CPU.Build.0 = Release|Any CPU
		{8029384C-CBBF-43AF-B603-E39AB9A009E0}.Debug|Any CPU.ActiveCfg = Debug|Any CPU
		{8029384C-CBBF-43AF-B603-E39AB9A009E0}.Debug|Any CPU.Build.0 = Debug|Any CPU
		{8029384C-CBBF-43AF-B603-E39AB9A009E0}.Release|Any CPU.ActiveCfg = Release|Any CPU
		{8029384C-CBBF-43AF-B603-E39AB9A009E0}.Release|Any CPU.Build.0 = Release|Any CPU
		{4706FF63-7EF7-4AA1-A7A7-CFF745949044}.Debug|Any CPU.ActiveCfg = Debug|Any CPU
		{4706FF63-7EF7-4AA1-A7A7-CFF745949044}.Debug|Any CPU.Build.0 = Debug|Any CPU
		{4706FF63-7EF7-4AA1-A7A7-CFF745949044}.Release|Any CPU.ActiveCfg = Release|Any CPU
		{4706FF63-7EF7-4AA1-A7A7-CFF745949044}.Release|Any CPU.Build.0 = Release|Any CPU
		{7B5C7556-9D00-442D-859D-A9B9713B92CA}.Debug|Any CPU.ActiveCfg = Debug|Any CPU
		{7B5C7556-9D00-442D-859D-A9B9713B92CA}.Debug|Any CPU.Build.0 = Debug|Any CPU
		{7B5C7556-9D00-442D-859D-A9B9713B92CA}.Release|Any CPU.ActiveCfg = Release|Any CPU
		{7B5C7556-9D00-442D-859D-A9B9713B92CA}.Release|Any CPU.Build.0 = Release|Any CPU
		{13948219-495C-4EDB-A7CB-3899ADD61D43}.Debug|Any CPU.ActiveCfg = Debug|Any CPU
		{13948219-495C-4EDB-A7CB-3899ADD61D43}.Debug|Any CPU.Build.0 = Debug|Any CPU
		{13948219-495C-4EDB-A7CB-3899ADD61D43}.Release|Any CPU.ActiveCfg = Release|Any CPU
		{13948219-495C-4EDB-A7CB-3899ADD61D43}.Release|Any CPU.Build.0 = Release|Any CPU
		{2C5C934C-84CF-4905-A7FB-761F2A8B8F08}.Debug|Any CPU.ActiveCfg = Debug|Any CPU
		{2C5C934C-84CF-4905-A7FB-761F2A8B8F08}.Debug|Any CPU.Build.0 = Debug|Any CPU
		{2C5C934C-84CF-4905-A7FB-761F2A8B8F08}.Release|Any CPU.ActiveCfg = Release|Any CPU
		{2C5C934C-84CF-4905-A7FB-761F2A8B8F08}.Release|Any CPU.Build.0 = Release|Any CPU
		{91E93B29-ABF2-4563-9AB1-C5996F5C1363}.Debug|Any CPU.ActiveCfg = Debug|Any CPU
		{91E93B29-ABF2-4563-9AB1-C5996F5C1363}.Debug|Any CPU.Build.0 = Debug|Any CPU
		{91E93B29-ABF2-4563-9AB1-C5996F5C1363}.Release|Any CPU.ActiveCfg = Release|Any CPU
		{91E93B29-ABF2-4563-9AB1-C5996F5C1363}.Release|Any CPU.Build.0 = Release|Any CPU
		{AC07108E-46A7-4ADD-B653-28C2EA255B7A}.Debug|Any CPU.ActiveCfg = Debug|Any CPU
		{AC07108E-46A7-4ADD-B653-28C2EA255B7A}.Debug|Any CPU.Build.0 = Debug|Any CPU
		{AC07108E-46A7-4ADD-B653-28C2EA255B7A}.Release|Any CPU.ActiveCfg = Release|Any CPU
		{AC07108E-46A7-4ADD-B653-28C2EA255B7A}.Release|Any CPU.Build.0 = Release|Any CPU
		{ACD83F07-D411-4463-9A46-2B227032FB1E}.Debug|Any CPU.ActiveCfg = Debug|Any CPU
		{ACD83F07-D411-4463-9A46-2B227032FB1E}.Debug|Any CPU.Build.0 = Debug|Any CPU
		{ACD83F07-D411-4463-9A46-2B227032FB1E}.Release|Any CPU.ActiveCfg = Release|Any CPU
		{ACD83F07-D411-4463-9A46-2B227032FB1E}.Release|Any CPU.Build.0 = Release|Any CPU
		{6586E573-2F80-4608-A53E-010200BF88F0}.Debug|Any CPU.ActiveCfg = Debug|Any CPU
		{6586E573-2F80-4608-A53E-010200BF88F0}.Debug|Any CPU.Build.0 = Debug|Any CPU
		{6586E573-2F80-4608-A53E-010200BF88F0}.Release|Any CPU.ActiveCfg = Release|Any CPU
		{6586E573-2F80-4608-A53E-010200BF88F0}.Release|Any CPU.Build.0 = Release|Any CPU
	EndGlobalSection
	GlobalSection(SolutionProperties) = preSolution
		HideSolutionNode = FALSE
	EndGlobalSection
EndGlobal
